
Microsoft Visual Studio Solution File, Format Version 12.00
# Visual Studio Version 17
VisualStudioVersion = 17.1.32414.318
MinimumVisualStudioVersion = 10.0.40219.1
Project("{FAE04EC0-301F-11D3-BF4B-00C04F79EFBC}") = "Api", "Api\Api.csproj", "{D47BCB4D-B80F-4425-BB66-FB3003DBEE94}"
EndProject
Project("{FAE04EC0-301F-11D3-BF4B-00C04F79EFBC}") = "Core", "Core\Core.csproj", "{9DF371D7-5C0C-422F-ADE7-456908F69471}"
EndProject
Project("{FAE04EC0-301F-11D3-BF4B-00C04F79EFBC}") = "Infrastructure", "Infrastructure\Infrastructure.csproj", "{80C88822-BA00-4BAD-87C6-A3D956788ABD}"
EndProject
Global
	GlobalSection(SolutionConfigurationPlatforms) = preSolution
		Debug|Any CPU = Debug|Any CPU
		Release|Any CPU = Release|Any CPU
	EndGlobalSection
	GlobalSection(ProjectConfigurationPlatforms) = postSolution
		{D47BCB4D-B80F-4425-BB66-FB3003DBEE94}.Debug|Any CPU.ActiveCfg = Debug|Any CPU
		{D47BCB4D-B80F-4425-BB66-FB3003DBEE94}.Debug|Any CPU.Build.0 = Debug|Any CPU
		{D47BCB4D-B80F-4425-BB66-FB3003DBEE94}.Release|Any CPU.ActiveCfg = Release|Any CPU
		{D47BCB4D-B80F-4425-BB66-FB3003DBEE94}.Release|Any CPU.Build.0 = Release|Any CPU
		{9DF371D7-5C0C-422F-ADE7-456908F69471}.Debug|Any CPU.ActiveCfg = Debug|Any CPU
		{9DF371D7-5C0C-422F-ADE7-456908F69471}.Debug|Any CPU.Build.0 = Debug|Any CPU
		{9DF371D7-5C0C-422F-ADE7-456908F69471}.Release|Any CPU.ActiveCfg = Release|Any CPU
		{9DF371D7-5C0C-422F-ADE7-456908F69471}.Release|Any CPU.Build.0 = Release|Any CPU
		{80C88822-BA00-4BAD-87C6-A3D956788ABD}.Debug|Any CPU.ActiveCfg = Debug|Any CPU
		{80C88822-BA00-4BAD-87C6-A3D956788ABD}.Debug|Any CPU.Build.0 = Debug|Any CPU
		{80C88822-BA00-4BAD-87C6-A3D956788ABD}.Release|Any CPU.ActiveCfg = Release|Any CPU
		{80C88822-BA00-4BAD-87C6-A3D956788ABD}.Release|Any CPU.Build.0 = Release|Any CPU
	EndGlobalSection
	GlobalSection(SolutionProperties) = preSolution
		HideSolutionNode = FALSE
	EndGlobalSection
	GlobalSection(ExtensibilityGlobals) = postSolution
		SolutionGuid = {6E9B3D84-46BA-4E2D-A093-42C1CEB2F899}
	EndGlobalSection
EndGlobal
